// !$*UTF8*$!
{
	archiveVersion = 1;
	classes = {
	};
	objectVersion = 46;
	objects = {

/* Begin PBXBuildFile section */
		DE41098F1D9ABB4C00B95F25 /* FullPlotViewController.swift in Sources */ = {isa = PBXBuildFile; fileRef = DE41098E1D9ABB4C00B95F25 /* FullPlotViewController.swift */; };
		DE596CE01D93072B0052F657 /* CustomMovieSearchCell.swift in Sources */ = {isa = PBXBuildFile; fileRef = DE596CDF1D93072B0052F657 /* CustomMovieSearchCell.swift */; };
		DE628F411D89DC3200710507 /* MoviesSearchHomeViewController.swift in Sources */ = {isa = PBXBuildFile; fileRef = DE628F401D89DC3200710507 /* MoviesSearchHomeViewController.swift */; };
		DE628F431D89DF5300710507 /* FavoritesTableViewController.swift in Sources */ = {isa = PBXBuildFile; fileRef = DE628F421D89DF5300710507 /* FavoritesTableViewController.swift */; };
		DE628F451D89E09B00710507 /* MovieInfoViewController.swift in Sources */ = {isa = PBXBuildFile; fileRef = DE628F441D89E09B00710507 /* MovieInfoViewController.swift */; };
		DEF1873A1D87863900568076 /* AppDelegate.swift in Sources */ = {isa = PBXBuildFile; fileRef = DEF187391D87863900568076 /* AppDelegate.swift */; };
		DEF1873F1D87863900568076 /* Main.storyboard in Resources */ = {isa = PBXBuildFile; fileRef = DEF1873D1D87863900568076 /* Main.storyboard */; };
		DEF187411D87863900568076 /* Assets.xcassets in Resources */ = {isa = PBXBuildFile; fileRef = DEF187401D87863900568076 /* Assets.xcassets */; };
		DEF187441D87863900568076 /* LaunchScreen.storyboard in Resources */ = {isa = PBXBuildFile; fileRef = DEF187421D87863900568076 /* LaunchScreen.storyboard */; };
		DEF1874C1D87890500568076 /* OMDBAPIClient.swift in Sources */ = {isa = PBXBuildFile; fileRef = DEF1874B1D87890500568076 /* OMDBAPIClient.swift */; };
		DEF1874E1D884B8100568076 /* Movie.swift in Sources */ = {isa = PBXBuildFile; fileRef = DEF1874D1D884B8100568076 /* Movie.swift */; };
		DEF187501D889E9800568076 /* MovieDataStore.swift in Sources */ = {isa = PBXBuildFile; fileRef = DEF1874F1D889E9800568076 /* MovieDataStore.swift */; };
/* End PBXBuildFile section */

/* Begin PBXFileReference section */
		DE41098E1D9ABB4C00B95F25 /* FullPlotViewController.swift */ = {isa = PBXFileReference; fileEncoding = 4; lastKnownFileType = sourcecode.swift; path = FullPlotViewController.swift; sourceTree = "<group>"; };
		DE596CDF1D93072B0052F657 /* CustomMovieSearchCell.swift */ = {isa = PBXFileReference; fileEncoding = 4; lastKnownFileType = sourcecode.swift; path = CustomMovieSearchCell.swift; sourceTree = "<group>"; };
		DE628F401D89DC3200710507 /* MoviesSearchHomeViewController.swift */ = {isa = PBXFileReference; fileEncoding = 4; lastKnownFileType = sourcecode.swift; path = MoviesSearchHomeViewController.swift; sourceTree = "<group>"; };
		DE628F421D89DF5300710507 /* FavoritesTableViewController.swift */ = {isa = PBXFileReference; fileEncoding = 4; lastKnownFileType = sourcecode.swift; path = FavoritesTableViewController.swift; sourceTree = "<group>"; };
		DE628F441D89E09B00710507 /* MovieInfoViewController.swift */ = {isa = PBXFileReference; fileEncoding = 4; lastKnownFileType = sourcecode.swift; path = MovieInfoViewController.swift; sourceTree = "<group>"; };
		DEF187361D87863900568076 /* FISMovieSearchApp.app */ = {isa = PBXFileReference; explicitFileType = wrapper.application; includeInIndex = 0; path = FISMovieSearchApp.app; sourceTree = BUILT_PRODUCTS_DIR; };
		DEF187391D87863900568076 /* AppDelegate.swift */ = {isa = PBXFileReference; lastKnownFileType = sourcecode.swift; path = AppDelegate.swift; sourceTree = "<group>"; };
		DEF1873E1D87863900568076 /* Base */ = {isa = PBXFileReference; lastKnownFileType = file.storyboard; name = Base; path = Base.lproj/Main.storyboard; sourceTree = "<group>"; };
		DEF187401D87863900568076 /* Assets.xcassets */ = {isa = PBXFileReference; lastKnownFileType = folder.assetcatalog; path = Assets.xcassets; sourceTree = "<group>"; };
		DEF187431D87863900568076 /* Base */ = {isa = PBXFileReference; lastKnownFileType = file.storyboard; name = Base; path = Base.lproj/LaunchScreen.storyboard; sourceTree = "<group>"; };
		DEF187451D87863900568076 /* Info.plist */ = {isa = PBXFileReference; lastKnownFileType = text.plist.xml; path = Info.plist; sourceTree = "<group>"; };
		DEF1874B1D87890500568076 /* OMDBAPIClient.swift */ = {isa = PBXFileReference; fileEncoding = 4; lastKnownFileType = sourcecode.swift; path = OMDBAPIClient.swift; sourceTree = "<group>"; };
		DEF1874D1D884B8100568076 /* Movie.swift */ = {isa = PBXFileReference; fileEncoding = 4; lastKnownFileType = sourcecode.swift; path = Movie.swift; sourceTree = "<group>"; };
		DEF1874F1D889E9800568076 /* MovieDataStore.swift */ = {isa = PBXFileReference; fileEncoding = 4; lastKnownFileType = sourcecode.swift; path = MovieDataStore.swift; sourceTree = "<group>"; };
/* End PBXFileReference section */

/* Begin PBXFrameworksBuildPhase section */
		DEF187331D87863900568076 /* Frameworks */ = {
			isa = PBXFrameworksBuildPhase;
			buildActionMask = 2147483647;
			files = (
			);
			runOnlyForDeploymentPostprocessing = 0;
		};
/* End PBXFrameworksBuildPhase section */

/* Begin PBXGroup section */
		DE9F7E201D988008007DDD7F /* movie */ = {
			isa = PBXGroup;
			children = (
				DE596CDF1D93072B0052F657 /* CustomMovieSearchCell.swift */,
				DE628F401D89DC3200710507 /* MoviesSearchHomeViewController.swift */,
				DE628F441D89E09B00710507 /* MovieInfoViewController.swift */,
				DE41098E1D9ABB4C00B95F25 /* FullPlotViewController.swift */,
			);
			name = movie;
			sourceTree = "<group>";
		};
		DE9F7E211D988039007DDD7F /* favorites */ = {
			isa = PBXGroup;
			children = (
				DE628F421D89DF5300710507 /* FavoritesTableViewController.swift */,
			);
			name = favorites;
			sourceTree = "<group>";
		};
		DEF1872D1D87863900568076 = {
			isa = PBXGroup;
			children = (
				DEF187381D87863900568076 /* FISMovieSearchApp */,
				DEF187371D87863900568076 /* Products */,
			);
			sourceTree = "<group>";
		};
		DEF187371D87863900568076 /* Products */ = {
			isa = PBXGroup;
			children = (
				DEF187361D87863900568076 /* FISMovieSearchApp.app */,
			);
			name = Products;
			sourceTree = "<group>";
		};
		DEF187381D87863900568076 /* FISMovieSearchApp */ = {
			isa = PBXGroup;
			children = (
				DEF187391D87863900568076 /* AppDelegate.swift */,
				DEF1874B1D87890500568076 /* OMDBAPIClient.swift */,
				DEF1874F1D889E9800568076 /* MovieDataStore.swift */,
				DEF1874D1D884B8100568076 /* Movie.swift */,
				DEF1873D1D87863900568076 /* Main.storyboard */,
				DEF187401D87863900568076 /* Assets.xcassets */,
				DEF187421D87863900568076 /* LaunchScreen.storyboard */,
				DEF187451D87863900568076 /* Info.plist */,
				DE9F7E211D988039007DDD7F /* favorites */,
				DE9F7E201D988008007DDD7F /* movie */,
			);
			path = FISMovieSearchApp;
			sourceTree = "<group>";
		};
/* End PBXGroup section */

/* Begin PBXNativeTarget section */
		DEF187351D87863900568076 /* FISMovieSearchApp */ = {
			isa = PBXNativeTarget;
			buildConfigurationList = DEF187481D87863900568076 /* Build configuration list for PBXNativeTarget "FISMovieSearchApp" */;
			buildPhases = (
				DEF187321D87863900568076 /* Sources */,
				DEF187331D87863900568076 /* Frameworks */,
				DEF187341D87863900568076 /* Resources */,
			);
			buildRules = (
			);
			dependencies = (
			);
			name = FISMovieSearchApp;
			productName = FISMovieSearchApp;
			productReference = DEF187361D87863900568076 /* FISMovieSearchApp.app */;
			productType = "com.apple.product-type.application";
		};
/* End PBXNativeTarget section */

/* Begin PBXProject section */
		DEF1872E1D87863900568076 /* Project object */ = {
			isa = PBXProject;
			attributes = {
				LastSwiftUpdateCheck = 0730;
				LastUpgradeCheck = 0730;
				ORGANIZATIONNAME = "Bettina Prophete";
				TargetAttributes = {
					DEF187351D87863900568076 = {
						CreatedOnToolsVersion = 7.3.1;
					};
				};
			};
			buildConfigurationList = DEF187311D87863900568076 /* Build configuration list for PBXProject "FISMovieSearchApp" */;
			compatibilityVersion = "Xcode 3.2";
			developmentRegion = English;
			hasScannedForEncodings = 0;
			knownRegions = (
				en,
				Base,
			);
			mainGroup = DEF1872D1D87863900568076;
			productRefGroup = DEF187371D87863900568076 /* Products */;
			projectDirPath = "";
			projectRoot = "";
			targets = (
				DEF187351D87863900568076 /* FISMovieSearchApp */,
			);
		};
/* End PBXProject section */

/* Begin PBXResourcesBuildPhase section */
		DEF187341D87863900568076 /* Resources */ = {
			isa = PBXResourcesBuildPhase;
			buildActionMask = 2147483647;
			files = (
				DEF187441D87863900568076 /* LaunchScreen.storyboard in Resources */,
				DEF187411D87863900568076 /* Assets.xcassets in Resources */,
				DEF1873F1D87863900568076 /* Main.storyboard in Resources */,
			);
			runOnlyForDeploymentPostprocessing = 0;
		};
/* End PBXResourcesBuildPhase section */

/* Begin PBXSourcesBuildPhase section */
		DEF187321D87863900568076 /* Sources */ = {
			isa = PBXSourcesBuildPhase;
			buildActionMask = 2147483647;
			files = (
				DE628F451D89E09B00710507 /* MovieInfoViewController.swift in Sources */,
				DEF1873A1D87863900568076 /* AppDelegate.swift in Sources */,
				DEF187501D889E9800568076 /* MovieDataStore.swift in Sources */,
				DEF1874E1D884B8100568076 /* Movie.swift in Sources */,
				DE628F431D89DF5300710507 /* FavoritesTableViewController.swift in Sources */,
				DE41098F1D9ABB4C00B95F25 /* FullPlotViewController.swift in Sources */,
				DEF1874C1D87890500568076 /* OMDBAPIClient.swift in Sources */,
				DE628F411D89DC3200710507 /* MoviesSearchHomeViewController.swift in Sources */,
				DE596CE01D93072B0052F657 /* CustomMovieSearchCell.swift in Sources */,
			);
			runOnlyForDeploymentPostprocessing = 0;
		};
/* End PBXSourcesBuildPhase section */

/* Begin PBXVariantGroup section */
		DEF1873D1D87863900568076 /* Main.storyboard */ = {
			isa = PBXVariantGroup;
			children = (
				DEF1873E1D87863900568076 /* Base */,
			);
			name = Main.storyboard;
			sourceTree = "<group>";
		};
		DEF187421D87863900568076 /* LaunchScreen.storyboard */ = {
			isa = PBXVariantGroup;
			children = (
				DEF187431D87863900568076 /* Base */,
			);
			name = LaunchScreen.storyboard;
			sourceTree = "<group>";
		};
/* End PBXVariantGroup section */

/* Begin XCBuildConfiguration section */
		DEF187461D87863900568076 /* Debug */ = {
			isa = XCBuildConfiguration;
			buildSettings = {
				ALWAYS_SEARCH_USER_PATHS = NO;
				CLANG_ANALYZER_NONNULL = YES;
				CLANG_CXX_LANGUAGE_STANDARD = "gnu++0x";
				CLANG_CXX_LIBRARY = "libc++";
				CLANG_ENABLE_MODULES = YES;
				CLANG_ENABLE_OBJC_ARC = YES;
				CLANG_WARN_BOOL_CONVERSION = YES;
				CLANG_WARN_CONSTANT_CONVERSION = YES;
				CLANG_WARN_DIRECT_OBJC_ISA_USAGE = YES_ERROR;
				CLANG_WARN_EMPTY_BODY = YES;
				CLANG_WARN_ENUM_CONVERSION = YES;
				CLANG_WARN_INT_CONVERSION = YES;
				CLANG_WARN_OBJC_ROOT_CLASS = YES_ERROR;
				CLANG_WARN_UNREACHABLE_CODE = YES;
				CLANG_WARN__DUPLICATE_METHOD_MATCH = YES;
				"CODE_SIGN_IDENTITY[sdk=iphoneos*]" = "iPhone Developer";
				COPY_PHASE_STRIP = NO;
				DEBUG_INFORMATION_FORMAT = dwarf;
				ENABLE_STRICT_OBJC_MSGSEND = YES;
				ENABLE_TESTABILITY = YES;
				GCC_C_LANGUAGE_STANDARD = gnu99;
				GCC_DYNAMIC_NO_PIC = NO;
				GCC_NO_COMMON_BLOCKS = YES;
				GCC_OPTIMIZATION_LEVEL = 0;
				GCC_PREPROCESSOR_DEFINITIONS = (
					"DEBUG=1",
					"$(inherited)",
				);
				GCC_WARN_64_TO_32_BIT_CONVERSION = YES;
				GCC_WARN_ABOUT_RETURN_TYPE = YES_ERROR;
				GCC_WARN_UNDECLARED_SELECTOR = YES;
				GCC_WARN_UNINITIALIZED_AUTOS = YES_AGGRESSIVE;
				GCC_WARN_UNUSED_FUNCTION = YES;
				GCC_WARN_UNUSED_VARIABLE = YES;
				IPHONEOS_DEPLOYMENT_TARGET = 9.3;
				MTL_ENABLE_DEBUG_INFO = YES;
				ONLY_ACTIVE_ARCH = YES;
				SDKROOT = iphoneos;
				SWIFT_OPTIMIZATION_LEVEL = "-Onone";
				TARGETED_DEVICE_FAMILY = "1,2";
			};
			name = Debug;
		};
		DEF187471D87863900568076 /* Release */ = {
			isa = XCBuildConfiguration;
			buildSettings = {
				ALWAYS_SEARCH_USER_PATHS = NO;
				CLANG_ANALYZER_NONNULL = YES;
				CLANG_CXX_LANGUAGE_STANDARD = "gnu++0x";
				CLANG_CXX_LIBRARY = "libc++";
				CLANG_ENABLE_MODULES = YES;
				CLANG_ENABLE_OBJC_ARC = YES;
				CLANG_WARN_BOOL_CONVERSION = YES;
				CLANG_WARN_CONSTANT_CONVERSION = YES;
				CLANG_WARN_DIRECT_OBJC_ISA_USAGE = YES_ERROR;
				CLANG_WARN_EMPTY_BODY = YES;
				CLANG_WARN_ENUM_CONVERSION = YES;
				CLANG_WARN_INT_CONVERSION = YES;
				CLANG_WARN_OBJC_ROOT_CLASS = YES_ERROR;
				CLANG_WARN_UNREACHABLE_CODE = YES;
				CLANG_WARN__DUPLICATE_METHOD_MATCH = YES;
				"CODE_SIGN_IDENTITY[sdk=iphoneos*]" = "iPhone Developer";
				COPY_PHASE_STRIP = NO;
				DEBUG_INFORMATION_FORMAT = "dwarf-with-dsym";
				ENABLE_NS_ASSERTIONS = NO;
				ENABLE_STRICT_OBJC_MSGSEND = YES;
				GCC_C_LANGUAGE_STANDARD = gnu99;
				GCC_NO_COMMON_BLOCKS = YES;
				GCC_WARN_64_TO_32_BIT_CONVERSION = YES;
				GCC_WARN_ABOUT_RETURN_TYPE = YES_ERROR;
				GCC_WARN_UNDECLARED_SELECTOR = YES;
				GCC_WARN_UNINITIALIZED_AUTOS = YES_AGGRESSIVE;
				GCC_WARN_UNUSED_FUNCTION = YES;
				GCC_WARN_UNUSED_VARIABLE = YES;
				IPHONEOS_DEPLOYMENT_TARGET = 9.3;
				MTL_ENABLE_DEBUG_INFO = NO;
				SDKROOT = iphoneos;
				TARGETED_DEVICE_FAMILY = "1,2";
				VALIDATE_PRODUCT = YES;
			};
			name = Release;
		};
		DEF187491D87863900568076 /* Debug */ = {
			isa = XCBuildConfiguration;
			buildSettings = {
				ASSETCATALOG_COMPILER_APPICON_NAME = AppIcon;
				INFOPLIST_FILE = FISMovieSearchApp/Info.plist;
				LD_RUNPATH_SEARCH_PATHS = "$(inherited) @executable_path/Frameworks";
				PRODUCT_BUNDLE_IDENTIFIER = FIS.FISMovieSearchApp;
				PRODUCT_NAME = "$(TARGET_NAME)";
			};
			name = Debug;
		};
		DEF1874A1D87863900568076 /* Release */ = {
			isa = XCBuildConfiguration;
			buildSettings = {
				ASSETCATALOG_COMPILER_APPICON_NAME = AppIcon;
				INFOPLIST_FILE = FISMovieSearchApp/Info.plist;
				LD_RUNPATH_SEARCH_PATHS = "$(inherited) @executable_path/Frameworks";
				PRODUCT_BUNDLE_IDENTIFIER = FIS.FISMovieSearchApp;
				PRODUCT_NAME = "$(TARGET_NAME)";
			};
			name = Release;
		};
/* End XCBuildConfiguration section */

/* Begin XCConfigurationList section */
		DEF187311D87863900568076 /* Build configuration list for PBXProject "FISMovieSearchApp" */ = {
			isa = XCConfigurationList;
			buildConfigurations = (
				DEF187461D87863900568076 /* Debug */,
				DEF187471D87863900568076 /* Release */,
			);
			defaultConfigurationIsVisible = 0;
			defaultConfigurationName = Release;
		};
		DEF187481D87863900568076 /* Build configuration list for PBXNativeTarget "FISMovieSearchApp" */ = {
			isa = XCConfigurationList;
			buildConfigurations = (
				DEF187491D87863900568076 /* Debug */,
				DEF1874A1D87863900568076 /* Release */,
			);
			defaultConfigurationIsVisible = 0;
			defaultConfigurationName = Release;
		};
/* End XCConfigurationList section */
	};
	rootObject = DEF1872E1D87863900568076 /* Project object */;
}
